{
  "name": "nextjs-todo-app",
  "version": "0.1.0",
  "lockfileVersion": 3,
  "requires": true,
  "packages": {
    "": {
      "name": "nextjs-todo-app",
      "version": "0.1.0",
      "dependencies": {
        "class-transformer": "0.5.1",
        "class-validator": "0.14.1",
        "next": "14.2.5",
        "react": "18.2.0",
        "react-dom": "18.2.0",
        "reflect-metadata": "0.2.2",
        "sqlite3": "5.1.7",
        "typeorm": "0.3.20"
      },
      "devDependencies": {
        "@types/node": "20.11.24",
        "@types/react": "18.2.61",
        "@types/react-dom": "18.2.19",
        "@types/sqlite3": "3.1.11",
        "autoprefixer": "10.4.19",
        "postcss": "8.4.38",
        "tailwindcss": "3.4.1",
        "ts-node": "10.9.2",
        "typescript": "5.3.3"
      },
      "engines": {
        "node": ">=18.0.0"
      }
    },
    "node_modules/@types/node": {
      "version": "20.11.24",
      "resolved": "https://registry.npmjs.org/@types/node/-/node-20.11.24.tgz",
      "integrity": "sha512-Kza43ewS3xoLgCEpQrsT+xRo/EJej0eXbiPrSONlpL90VwAI5eRZoyDqMYxIeEA48pAe5mL9V8fZ6f+K5lQ1dA==",
      "dev": true,
      "dependencies": {
        "undici-types": "~5.26.4"
      }
    },
    "node_modules/@types/react": {
      "version": "18.2.61",
      "resolved": "https://registry.npmjs.org/@types/react/-/react-18.2.61.tgz",
      "integrity": "sha512-A2zJ6+a88yOgNqFQ6L8rYmfKfv5vug6RZQq0uQzOAiR5B3rvQAAAAAAAAAAb45LpyF6Ir8/HeVbf0nJ3NL7lW9/g==",
      "dev": true,
      "dependencies": {
        "csstype": "^3.0.2"
      }
    },
    "node_modules/@types/react-dom": {
      "version": "18.2.19",
      "resolved": "https://registry.npmjs.org/@types/react-dom/-/react-dom-18.2.19.tgz",
      "integrity": "sha512-xmQrX8mnC+38k+5QpRlGkMpQ5F/xG4Q4TZcMn6kY5+H5H7I7mGd8ZjYVc4rNXKZwAAAAAAAAAAAAAAAd1Qy0Cw6g==",
      "dev": true,
      "dependencies": {
        "@types/react": "*"
      }
    },
    "node_modules/@types/sqlite3": {
      "version": "3.1.11",
      "resolved": "https://registry.npmjs.org/@types/sqlite3/-/sqlite3-3.1.11.tgz",
      "integrity": "sha512-KuLEnjGqZ3nK6/1wdT6e6xJibZDH5qCJuN/H8wMjOFokUOQHaNJKYMQU/8N96KEErD8YVD8oXhJ5u3r2rFjYfA==",
      "dev": true,
      "dependencies": {
        "@types/node": "*"
      }
    },
    "node_modules/autoprefixer": {
      "version": "10.4.19",
      "resolved": "https://registry.npmjs.org/autoprefixer/-/autoprefixer-10.4.19.tgz",
      "integrity": "sha512-8a4cIQYocELJe4PHL/5MJmHBrb3tqyTrE2ZbKRRV2Nk3nNsN1hHFUi6l1DjkTq6NWTKMcQfHjHp7rLpnXvUqAg==",
      "dev": true,
      "funding": [
        {
          "type": "opencollective",
          "url": "https://opencollective.com/postcss"
        },
        {
          "type": "tidelift",
          "url": "https://tidelift.com/funding/github/npm/autoprefixer"
        }
      ],
      "peerDependencies": {
        "postcss": "^8.1.0"
      }
    },
    "node_modules/class-transformer": {
      "version": "0.5.1",
      "resolved": "https://registry.npmjs.org/class-transformer/-/class-transformer-0.5.1.tgz",
      "integrity": "sha512-SQa1K5KExBNpP6Yp0c9GPF7j8BHPzePBY0oHq8lVXRkUxK0VDmGc/QUjHtMV1M7+4R/NEJxR7M/1tVGUlwA3AQ=="
    },
    "node_modules/class-validator": {
      "version": "0.14.1",
      "resolved": "https://registry.npmjs.org/class-validator/-/class-validator-0.14.1.tgz",
      "integrity": "sha512-1WNQoPukNV4xdfHc8K+eJ5ldj0kS3gYHQQjePRiFhWYj4H+1vfEoKk7coyLmS0AAAAAAAAAAAAAAAy9xM9WHE3w=="
    },
    "node_modules/csstype": {
      "version": "3.1.3",
      "resolved": "https://registry.npmjs.org/csstype/-/csstype-3.1.3.tgz",
      "integrity": "sha512-M1uQkMl8rQK/szD0LNhtqxIPLpimGm8sOBwU7lLnCpSbTyY3yeU1Vc7l4KT5zT4s/yOxHH5O7tIuuLOCnLADRw==",
      "dev": true
    },
    "node_modules/next": {
      "version": "14.2.5",
      "resolved": "https://registry.npmjs.org/next/-/next-14.2.5.tgz",
      "integrity": "sha512-9k7BAmWQ1F/DzSjIHRz4g1N9k6lD2m2nUNp7YV+/FyFcs5V3M3vn2n0X2rGtO4M/N8N7fP6vEzkwnf3s6Gz9WQ==",
      "dependencies": {
        "@next/env": "14.2.5",
        "caniuse-lite": "^1.0.30001642",
        "postcss": "8.4.38",
        "react": "18.2.0",
        "react-dom": "18.2.0",
        "sass": "^1.75.3",
        "use-sync-external-store": "1.2.0"
      },
      "bin": {
        "next": "dist/bin/next"
      },
      "engines": {
        "node": ">=18.17.0"
      },
      "optionalDependencies": {
        "@next/swc-darwin-arm64": "14.2.5",
        "@next/swc-darwin-x64": "14.2.5",
        "@next/swc-linux-arm64-gnu": "14.2.5",
        "@next/swc-linux-arm64-musl": "14.2.5",
        "@next/swc-linux-x64-gnu": "14.2.5",
        "@next/swc-linux-x64-musl": "14.2.5",
        "@next/swc-win32-arm64-msvc": "14.2.5",
        "@next/swc-win32-ia32-msvc": "14.2.5",
        "@next/swc-win32-x64-msvc": "14.2.5"
      }
    },
    "node_modules/postcss": {
      "version": "8.4.38",
      "resolved": "https://registry.npmjs.org/postcss/-/postcss-8.4.38.tgz",
      "integrity": "sha512-WglpdkMrMUayOZqXQPs6Mnt/8GpVJ5bPjAAAAAAAAAA9e0O4orAAAAAAAAAAAy9e0O4orI/AAAAAAAAAADq1k8yXQ==",
      "funding": [
        {
          "type": "opencollective",
          "url": "https://opencollective.com/postcss"
        },
        {
          "type": "tidelift",
          "url": "https://tidelift.com/funding/github/npm/postcss"
        }
      ]
    },
    "node_modules/react": {
      "version": "18.2.0",
      "resolved": "https://registry.npmjs.org/react/-/react-18.2.0.tgz",
      "integrity": "sha512-/3IjMdb2L9QbBdWiW5e3P2/npwMBaU9mHCSCUzNln0ZCYbcfTsGbTJrU/kGemdH2IWmB2ioZ+zkxtmq6g09fGQ==",
      "dependencies": {
        "loose-envify": "^1.1.0"
      },
      "engines": {
        "node": ">=0.10.0"
      }
    },
    "node_modules/react-dom": {
      "version": "18.2.0",
      "resolved": "https://registry.npmjs.org/react-dom/-/react-dom-18.2.0.tgz",
      "integrity": "sha512-6IMTriUmvsjHUjNtEDudZfuDQUoWXVxKHhlEGSk81n4YFS+r/Kl99wXiwlVXtPBtJenozv2P+hxDsw9eA7Xo6g==",
      "dependencies": {
        "loose-envify": "^1.1.0",
        "scheduler": "^0.23.0"
      },
      "peerDependencies": {
        "react": "^18.2.0"
      }
    },
    "node_modules/reflect-metadata": {
      "version": "0.2.2",
      "resolved": "https://registry.npmjs.org/reflect-metadata/-/reflect-metadata-0.2.2.tgz",
      "integrity": "sha512-urBwgfrvVP/eAyXx4hluJivBKzuEbSQs9rKWCrCkbSxNv8mxPcUZKeuo6D4ZKR+PF//+2v9frXQGWuRgU23ANA=="
    },
    "node_modules/sqlite3": {
      "version": "5.1.7",
      "resolved": "https://registry.npmjs.org/sqlite3/-/sqlite3-5.1.7.tgz",
      "integrity": "sha512-5qRgdzv6LKd9eEcOZ/CJOTQL5d7AAAAAAAAAAAAAAAAAAAAAAAAsgXcAAAAAAAAAAAADc+oA==",
      "hasInstallScript": true,
      "optionalDependencies": {
        "node-gyp": "^10.0.0"
      }
    },
    "node_modules/tailwindcss": {
      "version": "3.4.1",
      "resolved": "https://registry.npmjs.org/tailwindcss/-/tailwindcss-3.4.1.tgz",
      "integrity": "sha512-qY5vfm2c6AAAAAAAAAAAAAAAAAAAAAAAAAAAAAAAAAABAAAAAAAAAAAAA=",
      "dev": true,
      "dependencies": {
        "@tailwindcss/oxide": "^0.9.8",
        "postcss": "^8.4.38"
      },
      "bin": {
        "tailwind": "lib/cli.js"
      },
      "engines": {
        "node": ">=14.0.0"
      }
    },
    "node_modules/ts-node": {
      "version": "10.9.2",
      "resolved": "https://registry.npmjs.org/ts-node/-/ts-node-10.9.2.tgz",
      "integrity": "sha512-f0FFpIfTtLavt1wqjLkQ+H9mQo5LAAAAAAAAAAAAAAAAAAAAAAAAAAAAAAAAAAAAAA==",
      "dev": true,
      "dependencies": {
        "@tsconfig/node10": "^1.0.9",
        "@tsconfig/node12": "^1.0.11",
        "@tsconfig/node14": "^1.0.3",
        "@tsconfig/node16": "^1.0.4",
        "diff": "^4.0.1",
        "make-error": "^1.1.1",
        "v8-compile-cache-lib": "^3.0.1"
      },
      "bin": {
        "ts-node": "dist/bin.js",
        "ts-node-cwd": "dist/bin-cwd.js",
        "ts-node-esm": "dist/bin-esm.js",
        "ts-node-script": "dist/bin-script.js",
        "ts-node-transpile-only": "dist/bin-transpile.js"
      },
      "peerDependencies": {
        "@swc/core": ">=1.2.50",
        "@swc/wasm": ">=1.2.50",
        "@types/node": "*",
        "typescript": ">=2.7"
      },
      "peerDependenciesMeta": {
        "@swc/core": {
          "optional": true
        },
        "@swc/wasm": {
          "optional": true
        }
      }
    },
    "node_modules/typeorm": {
      "version": "0.3.20",
      "resolved": "https://registry.npmjs.org/typeorm/-/typeorm-0.3.20.tgz",
      "integrity": "sha512-oyb9yjGz6sKAAAAAAAAAAAAAAAAAAAAAAAAAAAAAAAAAABAAAAAAAAAAAAA=",
      "dependencies": {
        "app-root-path": "^3.1.0",
        "chalk": "^4.1.2",
        "cli-highlight": "^2.1.11",
        "debug": "^4.3.4",
        "glob": "^7.2.3",
        "js-yaml": "^4.1.0",
        "lodash": "^4.17.21",
        "mkdirp": "^1.0.4",
        "pg-connection-string": "^2.5.0",
        "platform": "^1.3.6",
        "semver": "^7.5.4",
        "tslib": "^2.5.0",
        "yargs": "^17.7.2"
      },
      "bin": {
        "typeorm": "cli.js"
      },
      "engines": {
        "node": ">=12.20.1"
      },
      "optionalDependencies": {
        "better-sqlite3": "^8.0.1",
        "mysql": "^2.18.1",
        "mysql2": "^3.0.0",
        "oracledb": "^5.5.0",
        "pg": "^8.11.0",
        "pg-native": "^3.0.0",
        "sqlite3": "^5.1.6",
        "sql.js": "^1.8.0"
      }
    },
    "node_modules/typescript": {
      "version": "5.3.3",
      "resolved": "https://registry.npmjs.org/typescript/-/typescript-5.3.3.tgz",
      "integrity": "sha512-pXWcraxM0uxAS+tN0AG/BF2TyqmHO014Z070UsJ+pFvYuRSq8KH8DmWpnbXe0pEPDHXZV3FcAbJkijJ5oNEnWw==",
      "dev": true,
      "bin": {
        "tsc": "bin/tsc",
        "tsserver": "bin/tsserver"
      },
      "engines": {
        "node": ">=14.17"
      }
    },
    "node_modules/undici-types": {
      "version": "5.26.5",
      "resolved": "https://registry.npmjs.org/undici-types/-/undici-types-5.26.5.tgz",
      "integrity": "sha512-JlCMO+ehdEIKqlFxk6IfVoAUVmgz7cU7zD/h9XZ0qzeosSHmUJVOzSQvvYSYWXkFXC+IfLKSIffhv0sVZup6pA==",
      "dev": true
    }
  }
}